
Microsoft Visual Studio Solution File, Format Version 12.00
# Visual Studio Version 17
VisualStudioVersion = 17.5.002.0
MinimumVisualStudioVersion = 10.0.40219.1
Project("{9A19103F-16F7-4668-BE54-9A1E7A4F7556}") = "DatabaseBuilder", "DatabaseBuilder\DatabaseBuilder.csproj", "{1FE49B0F-7C34-450D-AB59-118F96EB20E9}"
EndProject
Global
	GlobalSection(SolutionConfigurationPlatforms) = preSolution
		Debug|Any CPU = Debug|Any CPU
		Release|Any CPU = Release|Any CPU
	EndGlobalSection
	GlobalSection(ProjectConfigurationPlatforms) = postSolution
		{1FE49B0F-7C34-450D-AB59-118F96EB20E9}.Debug|Any CPU.ActiveCfg = Debug|Any CPU
		{1FE49B0F-7C34-450D-AB59-118F96EB20E9}.Debug|Any CPU.Build.0 = Debug|Any CPU
		{1FE49B0F-7C34-450D-AB59-118F96EB20E9}.Release|Any CPU.ActiveCfg = Release|Any CPU
		{1FE49B0F-7C34-450D-AB59-118F96EB20E9}.Release|Any CPU.Build.0 = Release|Any CPU
	EndGlobalSection
	GlobalSection(SolutionProperties) = preSolution
		HideSolutionNode = FALSE
	EndGlobalSection
	GlobalSection(ExtensibilityGlobals) = postSolution
		SolutionGuid = {4A53AF1C-31FA-4309-9C5E-B5762ECF2182}
	EndGlobalSection
EndGlobal
